{
    "_readme": [
        "This file locks the dependencies of your project to a known state",
        "Read more about it at https://getcomposer.org/doc/01-basic-usage.md#installing-dependencies",
        "This file is @generated automatically"
    ],
    "content-hash": "503775af1e2858ae22a238a14b38a1e8",
    "packages": [
        {
            "name": "hollodotme/fast-cgi-client",
            "version": "v3.1.5",
            "source": {
                "type": "git",
                "url": "https://github.com/hollodotme/fast-cgi-client.git",
                "reference": "8a9b2bd38ccfd8fc6905a6b1acfbb9f84ed700dd"
            },
            "dist": {
                "type": "zip",
                "url": "https://api.github.com/repos/hollodotme/fast-cgi-client/zipball/8a9b2bd38ccfd8fc6905a6b1acfbb9f84ed700dd",
                "reference": "8a9b2bd38ccfd8fc6905a6b1acfbb9f84ed700dd",
                "shasum": ""
            },
            "require": {
                "ext-json": "*",
                "php": ">=7.1"
            },
            "require-dev": {
                "ext-xdebug": ">=2.6.0",
                "tm/tooly-composer-script": "^1.4.1"
            },
            "type": "library",
            "extra": {
                "tools": {
                    "phpunit7": {
                        "url": "https://phar.phpunit.de/phpunit-7.phar",
                        "replace": true,
                        "only-dev": true
                    },
                    "phpunit8": {
                        "url": "https://phar.phpunit.de/phpunit-8.phar",
                        "replace": true,
                        "only-dev": true
                    },
                    "phpunit9": {
                        "url": "https://phar.phpunit.de/phpunit-9.phar",
                        "replace": true,
                        "only-dev": true
                    }
                }
            },
            "autoload": {
                "psr-4": {
                    "hollodotme\\FastCGI\\": "src/"
                }
            },
            "notification-url": "https://packagist.org/downloads/",
            "license": [
                "MIT"
            ],
            "authors": [
                {
                    "name": "Holger Woltersdorf",
                    "email": "hw@hollo.me"
                }
            ],
            "description": "A PHP fast CGI client to send requests (a)synchronously to PHP-FPM.",
            "keywords": [
                "Socket",
                "async",
                "fastcgi",
                "php-fpm"
            ],
            "support": {
                "issues": "https://github.com/hollodotme/fast-cgi-client/issues",
                "source": "https://github.com/hollodotme/fast-cgi-client/tree/v3.1.5"
            },
            "time": "2020-12-10T10:15:06+00:00"
        }
    ],
    "packages-dev": [],
    "aliases": [],
    "minimum-stability": "stable",
    "stability-flags": [],
    "prefer-stable": false,
    "prefer-lowest": false,
    "platform": [],
    "platform-dev": [],
    "plugin-api-version": "2.1.0"
}
